
Microsoft Visual Studio Solution File, Format Version 12.00
# Visual Studio Version 17
VisualStudioVersion = 17.9.34616.47
MinimumVisualStudioVersion = 10.0.40219.1
Project("{FAE04EC0-301F-11D3-BF4B-00C04F79EFBC}") = "InventoryManager", "InventoryManager\InventoryManager.csproj", "{FAF4500A-C47F-4ACF-BAB9-355436C1F075}"
EndProject
Global
	GlobalSection(SolutionConfigurationPlatforms) = preSolution
		Debug|Any CPU = Debug|Any CPU
		Release|Any CPU = Release|Any CPU
	EndGlobalSection
	GlobalSection(ProjectConfigurationPlatforms) = postSolution
		{FAF4500A-C47F-4ACF-BAB9-355436C1F075}.Debug|Any CPU.ActiveCfg = Debug|Any CPU
		{FAF4500A-C47F-4ACF-BAB9-355436C1F075}.Debug|Any CPU.Build.0 = Debug|Any CPU
		{FAF4500A-C47F-4ACF-BAB9-355436C1F075}.Release|Any CPU.ActiveCfg = Release|Any CPU
		{FAF4500A-C47F-4ACF-BAB9-355436C1F075}.Release|Any CPU.Build.0 = Release|Any CPU
	EndGlobalSection
	GlobalSection(SolutionProperties) = preSolution
		HideSolutionNode = FALSE
	EndGlobalSection
	GlobalSection(ExtensibilityGlobals) = postSolution
		SolutionGuid = {A2C93B91-186A-4981-89DF-AFB263D58015}
	EndGlobalSection
EndGlobal
